// !$*UTF8*$!
{
	archiveVersion = 1;
	classes = {
	};
	objectVersion = 50;
	objects = {

/* Begin PBXBuildFile section */
		2A6798E3244465E100700604 /* ProfileController.swift in Sources */ = {isa = PBXBuildFile; fileRef = 2A6798E2244465E100700604 /* ProfileController.swift */; };
		2A67F3A02441C8D600B5624E /* MenuOption.swift in Sources */ = {isa = PBXBuildFile; fileRef = 2A67F39F2441C8D600B5624E /* MenuOption.swift */; };
		2AB1E8F7243F94C800A07BBA /* AppDelegate.swift in Sources */ = {isa = PBXBuildFile; fileRef = 2AB1E8F6243F94C800A07BBA /* AppDelegate.swift */; };
		2AB1E8F9243F94C800A07BBA /* SceneDelegate.swift in Sources */ = {isa = PBXBuildFile; fileRef = 2AB1E8F8243F94C800A07BBA /* SceneDelegate.swift */; };
		2AB1E8FE243F94C800A07BBA /* Main.storyboard in Resources */ = {isa = PBXBuildFile; fileRef = 2AB1E8FC243F94C800A07BBA /* Main.storyboard */; };
		2AB1E900243F94CA00A07BBA /* Assets.xcassets in Resources */ = {isa = PBXBuildFile; fileRef = 2AB1E8FF243F94CA00A07BBA /* Assets.xcassets */; };
		2AB1E903243F94CA00A07BBA /* LaunchScreen.storyboard in Resources */ = {isa = PBXBuildFile; fileRef = 2AB1E901243F94CA00A07BBA /* LaunchScreen.storyboard */; };
		2AF5EC2B244086030045BFB8 /* ContainerController.swift in Sources */ = {isa = PBXBuildFile; fileRef = 2AF5EC2A244086030045BFB8 /* ContainerController.swift */; };
		2AF5EC2D244086170045BFB8 /* HomeController.swift in Sources */ = {isa = PBXBuildFile; fileRef = 2AF5EC2C244086170045BFB8 /* HomeController.swift */; };
		2AF5EC2F244086260045BFB8 /* MenuController.swift in Sources */ = {isa = PBXBuildFile; fileRef = 2AF5EC2E244086260045BFB8 /* MenuController.swift */; };
		2AF5EC3124409B340045BFB8 /* Protocals.swift in Sources */ = {isa = PBXBuildFile; fileRef = 2AF5EC3024409B340045BFB8 /* Protocals.swift */; };
		2AF5EC332440D7730045BFB8 /* MenuOptionCell.swift in Sources */ = {isa = PBXBuildFile; fileRef = 2AF5EC322440D7730045BFB8 /* MenuOptionCell.swift */; };
/* End PBXBuildFile section */

/* Begin PBXFileReference section */
		2A6798E2244465E100700604 /* ProfileController.swift */ = {isa = PBXFileReference; lastKnownFileType = sourcecode.swift; path = ProfileController.swift; sourceTree = "<group>"; };
		2A67F39F2441C8D600B5624E /* MenuOption.swift */ = {isa = PBXFileReference; lastKnownFileType = sourcecode.swift; path = MenuOption.swift; sourceTree = "<group>"; };
		2AB1E8F3243F94C800A07BBA /* Slide Menu Using Storyboard.app */ = {isa = PBXFileReference; explicitFileType = wrapper.application; includeInIndex = 0; path = "Slide Menu Using Storyboard.app"; sourceTree = BUILT_PRODUCTS_DIR; };
		2AB1E8F6243F94C800A07BBA /* AppDelegate.swift */ = {isa = PBXFileReference; lastKnownFileType = sourcecode.swift; path = AppDelegate.swift; sourceTree = "<group>"; };
		2AB1E8F8243F94C800A07BBA /* SceneDelegate.swift */ = {isa = PBXFileReference; lastKnownFileType = sourcecode.swift; path = SceneDelegate.swift; sourceTree = "<group>"; };
		2AB1E8FD243F94C800A07BBA /* Base */ = {isa = PBXFileReference; lastKnownFileType = file.storyboard; name = Base; path = Base.lproj/Main.storyboard; sourceTree = "<group>"; };
		2AB1E8FF243F94CA00A07BBA /* Assets.xcassets */ = {isa = PBXFileReference; lastKnownFileType = folder.assetcatalog; path = Assets.xcassets; sourceTree = "<group>"; };
		2AB1E902243F94CA00A07BBA /* Base */ = {isa = PBXFileReference; lastKnownFileType = file.storyboard; name = Base; path = Base.lproj/LaunchScreen.storyboard; sourceTree = "<group>"; };
		2AB1E904243F94CA00A07BBA /* Info.plist */ = {isa = PBXFileReference; lastKnownFileType = text.plist.xml; path = Info.plist; sourceTree = "<group>"; };
		2AF5EC2A244086030045BFB8 /* ContainerController.swift */ = {isa = PBXFileReference; lastKnownFileType = sourcecode.swift; path = ContainerController.swift; sourceTree = "<group>"; };
		2AF5EC2C244086170045BFB8 /* HomeController.swift */ = {isa = PBXFileReference; lastKnownFileType = sourcecode.swift; path = HomeController.swift; sourceTree = "<group>"; };
		2AF5EC2E244086260045BFB8 /* MenuController.swift */ = {isa = PBXFileReference; lastKnownFileType = sourcecode.swift; path = MenuController.swift; sourceTree = "<group>"; };
		2AF5EC3024409B340045BFB8 /* Protocals.swift */ = {isa = PBXFileReference; lastKnownFileType = sourcecode.swift; path = Protocals.swift; sourceTree = "<group>"; };
		2AF5EC322440D7730045BFB8 /* MenuOptionCell.swift */ = {isa = PBXFileReference; lastKnownFileType = sourcecode.swift; path = MenuOptionCell.swift; sourceTree = "<group>"; };
/* End PBXFileReference section */

/* Begin PBXFrameworksBuildPhase section */
		2AB1E8F0243F94C800A07BBA /* Frameworks */ = {
			isa = PBXFrameworksBuildPhase;
			buildActionMask = 2147483647;
			files = (
			);
			runOnlyForDeploymentPostprocessing = 0;
		};
/* End PBXFrameworksBuildPhase section */

/* Begin PBXGroup section */
		2AB1E8EA243F94C800A07BBA = {
			isa = PBXGroup;
			children = (
				2AB1E8F5243F94C800A07BBA /* Slide Menu Using Storyboard */,
				2AB1E8F4243F94C800A07BBA /* Products */,
			);
			sourceTree = "<group>";
		};
		2AB1E8F4243F94C800A07BBA /* Products */ = {
			isa = PBXGroup;
			children = (
				2AB1E8F3243F94C800A07BBA /* Slide Menu Using Storyboard.app */,
			);
			name = Products;
			sourceTree = "<group>";
		};
		2AB1E8F5243F94C800A07BBA /* Slide Menu Using Storyboard */ = {
			isa = PBXGroup;
			children = (
				2AF5EC292440851B0045BFB8 /* Utilities */,
				2AF5EC28244085190045BFB8 /* Model  */,
				2AF5EC27244085160045BFB8 /* View */,
				2AF5EC26244085120045BFB8 /* Controller */,
				2AB1E8F6243F94C800A07BBA /* AppDelegate.swift */,
				2AB1E8F8243F94C800A07BBA /* SceneDelegate.swift */,
				2AB1E8FC243F94C800A07BBA /* Main.storyboard */,
				2AB1E8FF243F94CA00A07BBA /* Assets.xcassets */,
				2AB1E901243F94CA00A07BBA /* LaunchScreen.storyboard */,
				2AB1E904243F94CA00A07BBA /* Info.plist */,
			);
			path = "Slide Menu Using Storyboard";
			sourceTree = "<group>";
		};
		2AF5EC26244085120045BFB8 /* Controller */ = {
			isa = PBXGroup;
			children = (
				2AF5EC2A244086030045BFB8 /* ContainerController.swift */,
				2AF5EC2C244086170045BFB8 /* HomeController.swift */,
				2AF5EC2E244086260045BFB8 /* MenuController.swift */,
				2A6798E2244465E100700604 /* ProfileController.swift */,
			);
			path = Controller;
			sourceTree = "<group>";
		};
		2AF5EC27244085160045BFB8 /* View */ = {
			isa = PBXGroup;
			children = (
				2AF5EC322440D7730045BFB8 /* MenuOptionCell.swift */,
			);
			path = View;
			sourceTree = "<group>";
		};
		2AF5EC28244085190045BFB8 /* Model  */ = {
			isa = PBXGroup;
			children = (
				2A67F39F2441C8D600B5624E /* MenuOption.swift */,
			);
			path = "Model ";
			sourceTree = "<group>";
		};
		2AF5EC292440851B0045BFB8 /* Utilities */ = {
			isa = PBXGroup;
			children = (
				2AF5EC3024409B340045BFB8 /* Protocals.swift */,
			);
			path = Utilities;
			sourceTree = "<group>";
		};
/* End PBXGroup section */

/* Begin PBXNativeTarget section */
		2AB1E8F2243F94C800A07BBA /* Slide Menu Using Storyboard */ = {
			isa = PBXNativeTarget;
			buildConfigurationList = 2AB1E907243F94CA00A07BBA /* Build configuration list for PBXNativeTarget "Slide Menu Using Storyboard" */;
			buildPhases = (
				2AB1E8EF243F94C800A07BBA /* Sources */,
				2AB1E8F0243F94C800A07BBA /* Frameworks */,
				2AB1E8F1243F94C800A07BBA /* Resources */,
			);
			buildRules = (
			);
			dependencies = (
			);
			name = "Slide Menu Using Storyboard";
			productName = "Slide Menu Using Storyboard";
			productReference = 2AB1E8F3243F94C800A07BBA /* Slide Menu Using Storyboard.app */;
			productType = "com.apple.product-type.application";
		};
/* End PBXNativeTarget section */

/* Begin PBXProject section */
		2AB1E8EB243F94C800A07BBA /* Project object */ = {
			isa = PBXProject;
			attributes = {
				LastSwiftUpdateCheck = 1110;
				LastUpgradeCheck = 1110;
				ORGANIZATIONNAME = "Md Khaled Hasan Manna";
				TargetAttributes = {
					2AB1E8F2243F94C800A07BBA = {
						CreatedOnToolsVersion = 11.1;
					};
				};
			};
			buildConfigurationList = 2AB1E8EE243F94C800A07BBA /* Build configuration list for PBXProject "Slide Menu Using Storyboard" */;
			compatibilityVersion = "Xcode 9.3";
			developmentRegion = en;
			hasScannedForEncodings = 0;
			knownRegions = (
				en,
				Base,
			);
			mainGroup = 2AB1E8EA243F94C800A07BBA;
			productRefGroup = 2AB1E8F4243F94C800A07BBA /* Products */;
			projectDirPath = "";
			projectRoot = "";
			targets = (
				2AB1E8F2243F94C800A07BBA /* Slide Menu Using Storyboard */,
			);
		};
/* End PBXProject section */

/* Begin PBXResourcesBuildPhase section */
		2AB1E8F1243F94C800A07BBA /* Resources */ = {
			isa = PBXResourcesBuildPhase;
			buildActionMask = 2147483647;
			files = (
				2AB1E903243F94CA00A07BBA /* LaunchScreen.storyboard in Resources */,
				2AB1E900243F94CA00A07BBA /* Assets.xcassets in Resources */,
				2AB1E8FE243F94C800A07BBA /* Main.storyboard in Resources */,
			);
			runOnlyForDeploymentPostprocessing = 0;
		};
/* End PBXResourcesBuildPhase section */

/* Begin PBXSourcesBuildPhase section */
		2AB1E8EF243F94C800A07BBA /* Sources */ = {
			isa = PBXSourcesBuildPhase;
			buildActionMask = 2147483647;
			files = (
				2AF5EC332440D7730045BFB8 /* MenuOptionCell.swift in Sources */,
				2A67F3A02441C8D600B5624E /* MenuOption.swift in Sources */,
				2AB1E8F7243F94C800A07BBA /* AppDelegate.swift in Sources */,
				2AF5EC3124409B340045BFB8 /* Protocals.swift in Sources */,
				2AB1E8F9243F94C800A07BBA /* SceneDelegate.swift in Sources */,
				2A6798E3244465E100700604 /* ProfileController.swift in Sources */,
				2AF5EC2B244086030045BFB8 /* ContainerController.swift in Sources */,
				2AF5EC2F244086260045BFB8 /* MenuController.swift in Sources */,
				2AF5EC2D244086170045BFB8 /* HomeController.swift in Sources */,
			);
			runOnlyForDeploymentPostprocessing = 0;
		};
/* End PBXSourcesBuildPhase section */

/* Begin PBXVariantGroup section */
		2AB1E8FC243F94C800A07BBA /* Main.storyboard */ = {
			isa = PBXVariantGroup;
			children = (
				2AB1E8FD243F94C800A07BBA /* Base */,
			);
			name = Main.storyboard;
			sourceTree = "<group>";
		};
		2AB1E901243F94CA00A07BBA /* LaunchScreen.storyboard */ = {
			isa = PBXVariantGroup;
			children = (
				2AB1E902243F94CA00A07BBA /* Base */,
			);
			name = LaunchScreen.storyboard;
			sourceTree = "<group>";
		};
/* End PBXVariantGroup section */

/* Begin XCBuildConfiguration section */
		2AB1E905243F94CA00A07BBA /* Debug */ = {
			isa = XCBuildConfiguration;
			buildSettings = {
				ALWAYS_SEARCH_USER_PATHS = NO;
				CLANG_ANALYZER_NONNULL = YES;
				CLANG_ANALYZER_NUMBER_OBJECT_CONVERSION = YES_AGGRESSIVE;
				CLANG_CXX_LANGUAGE_STANDARD = "gnu++14";
				CLANG_CXX_LIBRARY = "libc++";
				CLANG_ENABLE_MODULES = YES;
				CLANG_ENABLE_OBJC_ARC = YES;
				CLANG_ENABLE_OBJC_WEAK = YES;
				CLANG_WARN_BLOCK_CAPTURE_AUTORELEASING = YES;
				CLANG_WARN_BOOL_CONVERSION = YES;
				CLANG_WARN_COMMA = YES;
				CLANG_WARN_CONSTANT_CONVERSION = YES;
				CLANG_WARN_DEPRECATED_OBJC_IMPLEMENTATIONS = YES;
				CLANG_WARN_DIRECT_OBJC_ISA_USAGE = YES_ERROR;
				CLANG_WARN_DOCUMENTATION_COMMENTS = YES;
				CLANG_WARN_EMPTY_BODY = YES;
				CLANG_WARN_ENUM_CONVERSION = YES;
				CLANG_WARN_INFINITE_RECURSION = YES;
				CLANG_WARN_INT_CONVERSION = YES;
				CLANG_WARN_NON_LITERAL_NULL_CONVERSION = YES;
				CLANG_WARN_OBJC_IMPLICIT_RETAIN_SELF = YES;
				CLANG_WARN_OBJC_LITERAL_CONVERSION = YES;
				CLANG_WARN_OBJC_ROOT_CLASS = YES_ERROR;
				CLANG_WARN_RANGE_LOOP_ANALYSIS = YES;
				CLANG_WARN_STRICT_PROTOTYPES = YES;
				CLANG_WARN_SUSPICIOUS_MOVE = YES;
				CLANG_WARN_UNGUARDED_AVAILABILITY = YES_AGGRESSIVE;
				CLANG_WARN_UNREACHABLE_CODE = YES;
				CLANG_WARN__DUPLICATE_METHOD_MATCH = YES;
				COPY_PHASE_STRIP = NO;
				DEBUG_INFORMATION_FORMAT = dwarf;
				ENABLE_STRICT_OBJC_MSGSEND = YES;
				ENABLE_TESTABILITY = YES;
				GCC_C_LANGUAGE_STANDARD = gnu11;
				GCC_DYNAMIC_NO_PIC = NO;
				GCC_NO_COMMON_BLOCKS = YES;
				GCC_OPTIMIZATION_LEVEL = 0;
				GCC_PREPROCESSOR_DEFINITIONS = (
					"DEBUG=1",
					"$(inherited)",
				);
				GCC_WARN_64_TO_32_BIT_CONVERSION = YES;
				GCC_WARN_ABOUT_RETURN_TYPE = YES_ERROR;
				GCC_WARN_UNDECLARED_SELECTOR = YES;
				GCC_WARN_UNINITIALIZED_AUTOS = YES_AGGRESSIVE;
				GCC_WARN_UNUSED_FUNCTION = YES;
				GCC_WARN_UNUSED_VARIABLE = YES;
				IPHONEOS_DEPLOYMENT_TARGET = 13.1;
				MTL_ENABLE_DEBUG_INFO = INCLUDE_SOURCE;
				MTL_FAST_MATH = YES;
				ONLY_ACTIVE_ARCH = YES;
				SDKROOT = iphoneos;
				SWIFT_ACTIVE_COMPILATION_CONDITIONS = DEBUG;
				SWIFT_OPTIMIZATION_LEVEL = "-Onone";
			};
			name = Debug;
		};
		2AB1E906243F94CA00A07BBA /* Release */ = {
			isa = XCBuildConfiguration;
			buildSettings = {
				ALWAYS_SEARCH_USER_PATHS = NO;
				CLANG_ANALYZER_NONNULL = YES;
				CLANG_ANALYZER_NUMBER_OBJECT_CONVERSION = YES_AGGRESSIVE;
				CLANG_CXX_LANGUAGE_STANDARD = "gnu++14";
				CLANG_CXX_LIBRARY = "libc++";
				CLANG_ENABLE_MODULES = YES;
				CLANG_ENABLE_OBJC_ARC = YES;
				CLANG_ENABLE_OBJC_WEAK = YES;
				CLANG_WARN_BLOCK_CAPTURE_AUTORELEASING = YES;
				CLANG_WARN_BOOL_CONVERSION = YES;
				CLANG_WARN_COMMA = YES;
				CLANG_WARN_CONSTANT_CONVERSION = YES;
				CLANG_WARN_DEPRECATED_OBJC_IMPLEMENTATIONS = YES;
				CLANG_WARN_DIRECT_OBJC_ISA_USAGE = YES_ERROR;
				CLANG_WARN_DOCUMENTATION_COMMENTS = YES;
				CLANG_WARN_EMPTY_BODY = YES;
				CLANG_WARN_ENUM_CONVERSION = YES;
				CLANG_WARN_INFINITE_RECURSION = YES;
				CLANG_WARN_INT_CONVERSION = YES;
				CLANG_WARN_NON_LITERAL_NULL_CONVERSION = YES;
				CLANG_WARN_OBJC_IMPLICIT_RETAIN_SELF = YES;
				CLANG_WARN_OBJC_LITERAL_CONVERSION = YES;
				CLANG_WARN_OBJC_ROOT_CLASS = YES_ERROR;
				CLANG_WARN_RANGE_LOOP_ANALYSIS = YES;
				CLANG_WARN_STRICT_PROTOTYPES = YES;
				CLANG_WARN_SUSPICIOUS_MOVE = YES;
				CLANG_WARN_UNGUARDED_AVAILABILITY = YES_AGGRESSIVE;
				CLANG_WARN_UNREACHABLE_CODE = YES;
				CLANG_WARN__DUPLICATE_METHOD_MATCH = YES;
				COPY_PHASE_STRIP = NO;
				DEBUG_INFORMATION_FORMAT = "dwarf-with-dsym";
				ENABLE_NS_ASSERTIONS = NO;
				ENABLE_STRICT_OBJC_MSGSEND = YES;
				GCC_C_LANGUAGE_STANDARD = gnu11;
				GCC_NO_COMMON_BLOCKS = YES;
				GCC_WARN_64_TO_32_BIT_CONVERSION = YES;
				GCC_WARN_ABOUT_RETURN_TYPE = YES_ERROR;
				GCC_WARN_UNDECLARED_SELECTOR = YES;
				GCC_WARN_UNINITIALIZED_AUTOS = YES_AGGRESSIVE;
				GCC_WARN_UNUSED_FUNCTION = YES;
				GCC_WARN_UNUSED_VARIABLE = YES;
				IPHONEOS_DEPLOYMENT_TARGET = 13.1;
				MTL_ENABLE_DEBUG_INFO = NO;
				MTL_FAST_MATH = YES;
				SDKROOT = iphoneos;
				SWIFT_COMPILATION_MODE = wholemodule;
				SWIFT_OPTIMIZATION_LEVEL = "-O";
				VALIDATE_PRODUCT = YES;
			};
			name = Release;
		};
		2AB1E908243F94CA00A07BBA /* Debug */ = {
			isa = XCBuildConfiguration;
			buildSettings = {
				ASSETCATALOG_COMPILER_APPICON_NAME = AppIcon;
				CODE_SIGN_STYLE = Automatic;
				DEVELOPMENT_TEAM = MKCXG9MS9M;
				INFOPLIST_FILE = "Slide Menu Using Storyboard/Info.plist";
				LD_RUNPATH_SEARCH_PATHS = (
					"$(inherited)",
					"@executable_path/Frameworks",
				);
				PRODUCT_BUNDLE_IDENTIFIER = "com.ict.manna.Slide-Menu-Using-Storyboard";
				PRODUCT_NAME = "$(TARGET_NAME)";
				SWIFT_VERSION = 5.0;
				TARGETED_DEVICE_FAMILY = "1,2";
			};
			name = Debug;
		};
		2AB1E909243F94CA00A07BBA /* Release */ = {
			isa = XCBuildConfiguration;
			buildSettings = {
				ASSETCATALOG_COMPILER_APPICON_NAME = AppIcon;
				CODE_SIGN_STYLE = Automatic;
				DEVELOPMENT_TEAM = MKCXG9MS9M;
				INFOPLIST_FILE = "Slide Menu Using Storyboard/Info.plist";
				LD_RUNPATH_SEARCH_PATHS = (
					"$(inherited)",
					"@executable_path/Frameworks",
				);
				PRODUCT_BUNDLE_IDENTIFIER = "com.ict.manna.Slide-Menu-Using-Storyboard";
				PRODUCT_NAME = "$(TARGET_NAME)";
				SWIFT_VERSION = 5.0;
				TARGETED_DEVICE_FAMILY = "1,2";
			};
			name = Release;
		};
/* End XCBuildConfiguration section */

/* Begin XCConfigurationList section */
		2AB1E8EE243F94C800A07BBA /* Build configuration list for PBXProject "Slide Menu Using Storyboard" */ = {
			isa = XCConfigurationList;
			buildConfigurations = (
				2AB1E905243F94CA00A07BBA /* Debug */,
				2AB1E906243F94CA00A07BBA /* Release */,
			);
			defaultConfigurationIsVisible = 0;
			defaultConfigurationName = Release;
		};
		2AB1E907243F94CA00A07BBA /* Build configuration list for PBXNativeTarget "Slide Menu Using Storyboard" */ = {
			isa = XCConfigurationList;
			buildConfigurations = (
				2AB1E908243F94CA00A07BBA /* Debug */,
				2AB1E909243F94CA00A07BBA /* Release */,
			);
			defaultConfigurationIsVisible = 0;
			defaultConfigurationName = Release;
		};
/* End XCConfigurationList section */
	};
	rootObject = 2AB1E8EB243F94C800A07BBA /* Project object */;
}
